
Microsoft Visual Studio Solution File, Format Version 12.00
# Visual Studio Version 17
VisualStudioVersion = 17.1.32210.238
MinimumVisualStudioVersion = 10.0.40219.1
Project("{9A19103F-16F7-4668-BE54-9A1E7A4F7556}") = "DownloadMoreFPS", "DownloadMoreFPS.csproj", "{A3BD01FA-E4A9-4BC9-8D97-77D908C9DCB0}"
EndProject
Global
	GlobalSection(SolutionConfigurationPlatforms) = preSolution
		Deobfuscated|Any CPU = Deobfuscated|Any CPU
		Obfuscated|Any CPU = Obfuscated|Any CPU
		Release|Any CPU = Release|Any CPU
	EndGlobalSection
	GlobalSection(ProjectConfigurationPlatforms) = postSolution
		{A3BD01FA-E4A9-4BC9-8D97-77D908C9DCB0}.Deobfuscated|Any CPU.ActiveCfg = Deobfuscated|Any CPU
		{A3BD01FA-E4A9-4BC9-8D97-77D908C9DCB0}.Deobfuscated|Any CPU.Build.0 = Deobfuscated|Any CPU
		{A3BD01FA-E4A9-4BC9-8D97-77D908C9DCB0}.Obfuscated|Any CPU.ActiveCfg = Obfuscated|Any CPU
		{A3BD01FA-E4A9-4BC9-8D97-77D908C9DCB0}.Obfuscated|Any CPU.Build.0 = Obfuscated|Any CPU
		{A3BD01FA-E4A9-4BC9-8D97-77D908C9DCB0}.Release|Any CPU.ActiveCfg = Release|Any CPU
		{A3BD01FA-E4A9-4BC9-8D97-77D908C9DCB0}.Release|Any CPU.Build.0 = Release|Any CPU
	EndGlobalSection
	GlobalSection(SolutionProperties) = preSolution
		HideSolutionNode = FALSE
	EndGlobalSection
	GlobalSection(ExtensibilityGlobals) = postSolution
		SolutionGuid = {EE2A278D-90E4-47C8-B3BC-8DDFBDAAC99F}
	EndGlobalSection
EndGlobal
